# THIS IS AN AUTOGENERATED FILE. DO NOT EDIT THIS FILE DIRECTLY.
# yarn lockfile v1


fast-deep-equal@^3.1.3:
  version "3.1.3"
  resolved "https://registry.yarnpkg.com/fast-deep-equal/-/fast-deep-equal-3.1.3.tgz#3a7d56b559d6cbc3eb512325244e619a65c6c525"
  integrity sha512-f3qQ9oQy9j2AhBe/H9VC91wLmKBCCU/gDOnKNAYG5hswO7BLKj09Hc5HYNz9cGI++xlpDCIgDaitVs03ATR84Q==

immer@^9.0.6:
  version "9.0.12"
  resolved "https://registry.yarnpkg.com/immer/-/immer-9.0.12.tgz#2d33ddf3ee1d247deab9d707ca472c8c942a0f20"
  integrity sha512-lk7UNmSbAukB5B6dh9fnh5D0bJTOFKxVg2cyJWTYrWRfhLrLMBquONcUs3aFq507hNoIZEDDh8lb8UtOizSMhA==

pullstate@^1.23.0:
  version "1.23.0"
  resolved "https://registry.yarnpkg.com/pullstate/-/pullstate-1.23.0.tgz#b21ccf2ea4013fe06b1c103d90ad8e72b80d581e"
  integrity sha512-JHF/PO0d3VYNAee689M4/WJt5v9ZCCaBhgaKyO5z5X+/gjNUxpS5LI4wZWzfafbcWtqzRnoLADoHKorH9JzG1g==
  dependencies:
    fast-deep-equal "^3.1.3"
    immer "^9.0.6"
